// !$*UTF8*$!
{
	archiveVersion = 1;
	classes = {
	};
	objectVersion = 50;
	objects = {

/* Begin PBXBuildFile section */
		E9E396E522C08B3C0037DEF6 /* AppDelegate.swift in Sources */ = {isa = PBXBuildFile; fileRef = E9E396E422C08B3C0037DEF6 /* AppDelegate.swift */; };
		E9E396E722C08B3C0037DEF6 /* GameScene.sks in Resources */ = {isa = PBXBuildFile; fileRef = E9E396E622C08B3C0037DEF6 /* GameScene.sks */; };
		E9E396E922C08B3C0037DEF6 /* Actions.sks in Resources */ = {isa = PBXBuildFile; fileRef = E9E396E822C08B3C0037DEF6 /* Actions.sks */; };
		E9E396EB22C08B3C0037DEF6 /* GameScene.swift in Sources */ = {isa = PBXBuildFile; fileRef = E9E396EA22C08B3C0037DEF6 /* GameScene.swift */; };
		E9E396ED22C08B3C0037DEF6 /* GameViewController.swift in Sources */ = {isa = PBXBuildFile; fileRef = E9E396EC22C08B3C0037DEF6 /* GameViewController.swift */; };
		E9E396F022C08B3C0037DEF6 /* Main.storyboard in Resources */ = {isa = PBXBuildFile; fileRef = E9E396EE22C08B3C0037DEF6 /* Main.storyboard */; };
		E9E396F222C08B3F0037DEF6 /* Assets.xcassets in Resources */ = {isa = PBXBuildFile; fileRef = E9E396F122C08B3F0037DEF6 /* Assets.xcassets */; };
		E9E396F522C08B3F0037DEF6 /* LaunchScreen.storyboard in Resources */ = {isa = PBXBuildFile; fileRef = E9E396F322C08B3F0037DEF6 /* LaunchScreen.storyboard */; };
		E9E3970022C08B3F0037DEF6 /* SnameTests.swift in Sources */ = {isa = PBXBuildFile; fileRef = E9E396FF22C08B3F0037DEF6 /* SnameTests.swift */; };
/* End PBXBuildFile section */

/* Begin PBXContainerItemProxy section */
		E9E396FC22C08B3F0037DEF6 /* PBXContainerItemProxy */ = {
			isa = PBXContainerItemProxy;
			containerPortal = E9E396D922C08B3C0037DEF6 /* Project object */;
			proxyType = 1;
			remoteGlobalIDString = E9E396E022C08B3C0037DEF6;
			remoteInfo = Sname;
		};
/* End PBXContainerItemProxy section */

/* Begin PBXFileReference section */
		E9E396E122C08B3C0037DEF6 /* Sname.app */ = {isa = PBXFileReference; explicitFileType = wrapper.application; includeInIndex = 0; path = Sname.app; sourceTree = BUILT_PRODUCTS_DIR; };
		E9E396E422C08B3C0037DEF6 /* AppDelegate.swift */ = {isa = PBXFileReference; lastKnownFileType = sourcecode.swift; path = AppDelegate.swift; sourceTree = "<group>"; };
		E9E396E622C08B3C0037DEF6 /* GameScene.sks */ = {isa = PBXFileReference; lastKnownFileType = file.sks; path = GameScene.sks; sourceTree = "<group>"; };
		E9E396E822C08B3C0037DEF6 /* Actions.sks */ = {isa = PBXFileReference; lastKnownFileType = file.sks; path = Actions.sks; sourceTree = "<group>"; };
		E9E396EA22C08B3C0037DEF6 /* GameScene.swift */ = {isa = PBXFileReference; lastKnownFileType = sourcecode.swift; path = GameScene.swift; sourceTree = "<group>"; };
		E9E396EC22C08B3C0037DEF6 /* GameViewController.swift */ = {isa = PBXFileReference; lastKnownFileType = sourcecode.swift; path = GameViewController.swift; sourceTree = "<group>"; };
		E9E396EF22C08B3C0037DEF6 /* Base */ = {isa = PBXFileReference; lastKnownFileType = file.storyboard; name = Base; path = Base.lproj/Main.storyboard; sourceTree = "<group>"; };
		E9E396F122C08B3F0037DEF6 /* Assets.xcassets */ = {isa = PBXFileReference; lastKnownFileType = folder.assetcatalog; path = Assets.xcassets; sourceTree = "<group>"; };
		E9E396F422C08B3F0037DEF6 /* Base */ = {isa = PBXFileReference; lastKnownFileType = file.storyboard; name = Base; path = Base.lproj/LaunchScreen.storyboard; sourceTree = "<group>"; };
		E9E396F622C08B3F0037DEF6 /* Info.plist */ = {isa = PBXFileReference; lastKnownFileType = text.plist.xml; path = Info.plist; sourceTree = "<group>"; };
		E9E396FB22C08B3F0037DEF6 /* SnameTests.xctest */ = {isa = PBXFileReference; explicitFileType = wrapper.cfbundle; includeInIndex = 0; path = SnameTests.xctest; sourceTree = BUILT_PRODUCTS_DIR; };
		E9E396FF22C08B3F0037DEF6 /* SnameTests.swift */ = {isa = PBXFileReference; lastKnownFileType = sourcecode.swift; path = SnameTests.swift; sourceTree = "<group>"; };
		E9E3970122C08B3F0037DEF6 /* Info.plist */ = {isa = PBXFileReference; lastKnownFileType = text.plist.xml; path = Info.plist; sourceTree = "<group>"; };
/* End PBXFileReference section */

/* Begin PBXFrameworksBuildPhase section */
		E9E396DE22C08B3C0037DEF6 /* Frameworks */ = {
			isa = PBXFrameworksBuildPhase;
			buildActionMask = 2147483647;
			files = (
			);
			runOnlyForDeploymentPostprocessing = 0;
		};
		E9E396F822C08B3F0037DEF6 /* Frameworks */ = {
			isa = PBXFrameworksBuildPhase;
			buildActionMask = 2147483647;
			files = (
			);
			runOnlyForDeploymentPostprocessing = 0;
		};
/* End PBXFrameworksBuildPhase section */

/* Begin PBXGroup section */
		E9E396D822C08B3C0037DEF6 = {
			isa = PBXGroup;
			children = (
				E9E396E322C08B3C0037DEF6 /* Sname */,
				E9E396FE22C08B3F0037DEF6 /* SnameTests */,
				E9E396E222C08B3C0037DEF6 /* Products */,
			);
			sourceTree = "<group>";
		};
		E9E396E222C08B3C0037DEF6 /* Products */ = {
			isa = PBXGroup;
			children = (
				E9E396E122C08B3C0037DEF6 /* Sname.app */,
				E9E396FB22C08B3F0037DEF6 /* SnameTests.xctest */,
			);
			name = Products;
			sourceTree = "<group>";
		};
		E9E396E322C08B3C0037DEF6 /* Sname */ = {
			isa = PBXGroup;
			children = (
				E9E396E422C08B3C0037DEF6 /* AppDelegate.swift */,
				E9E396E622C08B3C0037DEF6 /* GameScene.sks */,
				E9E396E822C08B3C0037DEF6 /* Actions.sks */,
				E9E396EA22C08B3C0037DEF6 /* GameScene.swift */,
				E9E396EC22C08B3C0037DEF6 /* GameViewController.swift */,
				E9E396EE22C08B3C0037DEF6 /* Main.storyboard */,
				E9E396F122C08B3F0037DEF6 /* Assets.xcassets */,
				E9E396F322C08B3F0037DEF6 /* LaunchScreen.storyboard */,
				E9E396F622C08B3F0037DEF6 /* Info.plist */,
			);
			path = Sname;
			sourceTree = "<group>";
		};
		E9E396FE22C08B3F0037DEF6 /* SnameTests */ = {
			isa = PBXGroup;
			children = (
				E9E396FF22C08B3F0037DEF6 /* SnameTests.swift */,
				E9E3970122C08B3F0037DEF6 /* Info.plist */,
			);
			path = SnameTests;
			sourceTree = "<group>";
		};
/* End PBXGroup section */

/* Begin PBXNativeTarget section */
		E9E396E022C08B3C0037DEF6 /* Sname */ = {
			isa = PBXNativeTarget;
			buildConfigurationList = E9E3970422C08B3F0037DEF6 /* Build configuration list for PBXNativeTarget "Sname" */;
			buildPhases = (
				E9E396DD22C08B3C0037DEF6 /* Sources */,
				E9E396DE22C08B3C0037DEF6 /* Frameworks */,
				E9E396DF22C08B3C0037DEF6 /* Resources */,
			);
			buildRules = (
			);
			dependencies = (
			);
			name = Sname;
			productName = Sname;
			productReference = E9E396E122C08B3C0037DEF6 /* Sname.app */;
			productType = "com.apple.product-type.application";
		};
		E9E396FA22C08B3F0037DEF6 /* SnameTests */ = {
			isa = PBXNativeTarget;
			buildConfigurationList = E9E3970722C08B3F0037DEF6 /* Build configuration list for PBXNativeTarget "SnameTests" */;
			buildPhases = (
				E9E396F722C08B3F0037DEF6 /* Sources */,
				E9E396F822C08B3F0037DEF6 /* Frameworks */,
				E9E396F922C08B3F0037DEF6 /* Resources */,
			);
			buildRules = (
			);
			dependencies = (
				E9E396FD22C08B3F0037DEF6 /* PBXTargetDependency */,
			);
			name = SnameTests;
			productName = SnameTests;
			productReference = E9E396FB22C08B3F0037DEF6 /* SnameTests.xctest */;
			productType = "com.apple.product-type.bundle.unit-test";
		};
/* End PBXNativeTarget section */

/* Begin PBXProject section */
		E9E396D922C08B3C0037DEF6 /* Project object */ = {
			isa = PBXProject;
			attributes = {
				LastSwiftUpdateCheck = 1020;
				LastUpgradeCheck = 1020;
				ORGANIZATIONNAME = "Roy Wijaya";
				TargetAttributes = {
					E9E396E022C08B3C0037DEF6 = {
						CreatedOnToolsVersion = 10.2.1;
					};
					E9E396FA22C08B3F0037DEF6 = {
						CreatedOnToolsVersion = 10.2.1;
						TestTargetID = E9E396E022C08B3C0037DEF6;
					};
				};
			};
			buildConfigurationList = E9E396DC22C08B3C0037DEF6 /* Build configuration list for PBXProject "Sname" */;
			compatibilityVersion = "Xcode 9.3";
			developmentRegion = en;
			hasScannedForEncodings = 0;
			knownRegions = (
				en,
				Base,
			);
			mainGroup = E9E396D822C08B3C0037DEF6;
			productRefGroup = E9E396E222C08B3C0037DEF6 /* Products */;
			projectDirPath = "";
			projectRoot = "";
			targets = (
				E9E396E022C08B3C0037DEF6 /* Sname */,
				E9E396FA22C08B3F0037DEF6 /* SnameTests */,
			);
		};
/* End PBXProject section */

/* Begin PBXResourcesBuildPhase section */
		E9E396DF22C08B3C0037DEF6 /* Resources */ = {
			isa = PBXResourcesBuildPhase;
			buildActionMask = 2147483647;
			files = (
				E9E396F022C08B3C0037DEF6 /* Main.storyboard in Resources */,
				E9E396E722C08B3C0037DEF6 /* GameScene.sks in Resources */,
				E9E396F222C08B3F0037DEF6 /* Assets.xcassets in Resources */,
				E9E396F522C08B3F0037DEF6 /* LaunchScreen.storyboard in Resources */,
				E9E396E922C08B3C0037DEF6 /* Actions.sks in Resources */,
			);
			runOnlyForDeploymentPostprocessing = 0;
		};
		E9E396F922C08B3F0037DEF6 /* Resources */ = {
			isa = PBXResourcesBuildPhase;
			buildActionMask = 2147483647;
			files = (
			);
			runOnlyForDeploymentPostprocessing = 0;
		};
/* End PBXResourcesBuildPhase section */

/* Begin PBXSourcesBuildPhase section */
		E9E396DD22C08B3C0037DEF6 /* Sources */ = {
			isa = PBXSourcesBuildPhase;
			buildActionMask = 2147483647;
			files = (
				E9E396EB22C08B3C0037DEF6 /* GameScene.swift in Sources */,
				E9E396ED22C08B3C0037DEF6 /* GameViewController.swift in Sources */,
				E9E396E522C08B3C0037DEF6 /* AppDelegate.swift in Sources */,
			);
			runOnlyForDeploymentPostprocessing = 0;
		};
		E9E396F722C08B3F0037DEF6 /* Sources */ = {
			isa = PBXSourcesBuildPhase;
			buildActionMask = 2147483647;
			files = (
				E9E3970022C08B3F0037DEF6 /* SnameTests.swift in Sources */,
			);
			runOnlyForDeploymentPostprocessing = 0;
		};
/* End PBXSourcesBuildPhase section */

/* Begin PBXTargetDependency section */
		E9E396FD22C08B3F0037DEF6 /* PBXTargetDependency */ = {
			isa = PBXTargetDependency;
			target = E9E396E022C08B3C0037DEF6 /* Sname */;
			targetProxy = E9E396FC22C08B3F0037DEF6 /* PBXContainerItemProxy */;
		};
/* End PBXTargetDependency section */

/* Begin PBXVariantGroup section */
		E9E396EE22C08B3C0037DEF6 /* Main.storyboard */ = {
			isa = PBXVariantGroup;
			children = (
				E9E396EF22C08B3C0037DEF6 /* Base */,
			);
			name = Main.storyboard;
			sourceTree = "<group>";
		};
		E9E396F322C08B3F0037DEF6 /* LaunchScreen.storyboard */ = {
			isa = PBXVariantGroup;
			children = (
				E9E396F422C08B3F0037DEF6 /* Base */,
			);
			name = LaunchScreen.storyboard;
			sourceTree = "<group>";
		};
/* End PBXVariantGroup section */

/* Begin XCBuildConfiguration section */
		E9E3970222C08B3F0037DEF6 /* Debug */ = {
			isa = XCBuildConfiguration;
			buildSettings = {
				ALWAYS_SEARCH_USER_PATHS = NO;
				CLANG_ANALYZER_NONNULL = YES;
				CLANG_ANALYZER_NUMBER_OBJECT_CONVERSION = YES_AGGRESSIVE;
				CLANG_CXX_LANGUAGE_STANDARD = "gnu++14";
				CLANG_CXX_LIBRARY = "libc++";
				CLANG_ENABLE_MODULES = YES;
				CLANG_ENABLE_OBJC_ARC = YES;
				CLANG_ENABLE_OBJC_WEAK = YES;
				CLANG_WARN_BLOCK_CAPTURE_AUTORELEASING = YES;
				CLANG_WARN_BOOL_CONVERSION = YES;
				CLANG_WARN_COMMA = YES;
				CLANG_WARN_CONSTANT_CONVERSION = YES;
				CLANG_WARN_DEPRECATED_OBJC_IMPLEMENTATIONS = YES;
				CLANG_WARN_DIRECT_OBJC_ISA_USAGE = YES_ERROR;
				CLANG_WARN_DOCUMENTATION_COMMENTS = YES;
				CLANG_WARN_EMPTY_BODY = YES;
				CLANG_WARN_ENUM_CONVERSION = YES;
				CLANG_WARN_INFINITE_RECURSION = YES;
				CLANG_WARN_INT_CONVERSION = YES;
				CLANG_WARN_NON_LITERAL_NULL_CONVERSION = YES;
				CLANG_WARN_OBJC_IMPLICIT_RETAIN_SELF = YES;
				CLANG_WARN_OBJC_LITERAL_CONVERSION = YES;
				CLANG_WARN_OBJC_ROOT_CLASS = YES_ERROR;
				CLANG_WARN_RANGE_LOOP_ANALYSIS = YES;
				CLANG_WARN_STRICT_PROTOTYPES = YES;
				CLANG_WARN_SUSPICIOUS_MOVE = YES;
				CLANG_WARN_UNGUARDED_AVAILABILITY = YES_AGGRESSIVE;
				CLANG_WARN_UNREACHABLE_CODE = YES;
				CLANG_WARN__DUPLICATE_METHOD_MATCH = YES;
				CODE_SIGN_IDENTITY = "iPhone Developer";
				COPY_PHASE_STRIP = NO;
				DEBUG_INFORMATION_FORMAT = dwarf;
				ENABLE_STRICT_OBJC_MSGSEND = YES;
				ENABLE_TESTABILITY = YES;
				GCC_C_LANGUAGE_STANDARD = gnu11;
				GCC_DYNAMIC_NO_PIC = NO;
				GCC_NO_COMMON_BLOCKS = YES;
				GCC_OPTIMIZATION_LEVEL = 0;
				GCC_PREPROCESSOR_DEFINITIONS = (
					"DEBUG=1",
					"$(inherited)",
				);
				GCC_WARN_64_TO_32_BIT_CONVERSION = YES;
				GCC_WARN_ABOUT_RETURN_TYPE = YES_ERROR;
				GCC_WARN_UNDECLARED_SELECTOR = YES;
				GCC_WARN_UNINITIALIZED_AUTOS = YES_AGGRESSIVE;
				GCC_WARN_UNUSED_FUNCTION = YES;
				GCC_WARN_UNUSED_VARIABLE = YES;
				IPHONEOS_DEPLOYMENT_TARGET = 12.2;
				MTL_ENABLE_DEBUG_INFO = INCLUDE_SOURCE;
				MTL_FAST_MATH = YES;
				ONLY_ACTIVE_ARCH = YES;
				SDKROOT = iphoneos;
				SWIFT_ACTIVE_COMPILATION_CONDITIONS = DEBUG;
				SWIFT_OPTIMIZATION_LEVEL = "-Onone";
			};
			name = Debug;
		};
		E9E3970322C08B3F0037DEF6 /* Release */ = {
			isa = XCBuildConfiguration;
			buildSettings = {
				ALWAYS_SEARCH_USER_PATHS = NO;
				CLANG_ANALYZER_NONNULL = YES;
				CLANG_ANALYZER_NUMBER_OBJECT_CONVERSION = YES_AGGRESSIVE;
				CLANG_CXX_LANGUAGE_STANDARD = "gnu++14";
				CLANG_CXX_LIBRARY = "libc++";
				CLANG_ENABLE_MODULES = YES;
				CLANG_ENABLE_OBJC_ARC = YES;
				CLANG_ENABLE_OBJC_WEAK = YES;
				CLANG_WARN_BLOCK_CAPTURE_AUTORELEASING = YES;
				CLANG_WARN_BOOL_CONVERSION = YES;
				CLANG_WARN_COMMA = YES;
				CLANG_WARN_CONSTANT_CONVERSION = YES;
				CLANG_WARN_DEPRECATED_OBJC_IMPLEMENTATIONS = YES;
				CLANG_WARN_DIRECT_OBJC_ISA_USAGE = YES_ERROR;
				CLANG_WARN_DOCUMENTATION_COMMENTS = YES;
				CLANG_WARN_EMPTY_BODY = YES;
				CLANG_WARN_ENUM_CONVERSION = YES;
				CLANG_WARN_INFINITE_RECURSION = YES;
				CLANG_WARN_INT_CONVERSION = YES;
				CLANG_WARN_NON_LITERAL_NULL_CONVERSION = YES;
				CLANG_WARN_OBJC_IMPLICIT_RETAIN_SELF = YES;
				CLANG_WARN_OBJC_LITERAL_CONVERSION = YES;
				CLANG_WARN_OBJC_ROOT_CLASS = YES_ERROR;
				CLANG_WARN_RANGE_LOOP_ANALYSIS = YES;
				CLANG_WARN_STRICT_PROTOTYPES = YES;
				CLANG_WARN_SUSPICIOUS_MOVE = YES;
				CLANG_WARN_UNGUARDED_AVAILABILITY = YES_AGGRESSIVE;
				CLANG_WARN_UNREACHABLE_CODE = YES;
				CLANG_WARN__DUPLICATE_METHOD_MATCH = YES;
				CODE_SIGN_IDENTITY = "iPhone Developer";
				COPY_PHASE_STRIP = NO;
				DEBUG_INFORMATION_FORMAT = "dwarf-with-dsym";
				ENABLE_NS_ASSERTIONS = NO;
				ENABLE_STRICT_OBJC_MSGSEND = YES;
				GCC_C_LANGUAGE_STANDARD = gnu11;
				GCC_NO_COMMON_BLOCKS = YES;
				GCC_WARN_64_TO_32_BIT_CONVERSION = YES;
				GCC_WARN_ABOUT_RETURN_TYPE = YES_ERROR;
				GCC_WARN_UNDECLARED_SELECTOR = YES;
				GCC_WARN_UNINITIALIZED_AUTOS = YES_AGGRESSIVE;
				GCC_WARN_UNUSED_FUNCTION = YES;
				GCC_WARN_UNUSED_VARIABLE = YES;
				IPHONEOS_DEPLOYMENT_TARGET = 12.2;
				MTL_ENABLE_DEBUG_INFO = NO;
				MTL_FAST_MATH = YES;
				SDKROOT = iphoneos;
				SWIFT_COMPILATION_MODE = wholemodule;
				SWIFT_OPTIMIZATION_LEVEL = "-O";
				VALIDATE_PRODUCT = YES;
			};
			name = Release;
		};
		E9E3970522C08B3F0037DEF6 /* Debug */ = {
			isa = XCBuildConfiguration;
			buildSettings = {
				ASSETCATALOG_COMPILER_APPICON_NAME = AppIcon;
				CODE_SIGN_STYLE = Automatic;
				DEVELOPMENT_TEAM = H79CDTMQ9R;
				INFOPLIST_FILE = Sname/Info.plist;
				LD_RUNPATH_SEARCH_PATHS = (
					"$(inherited)",
					"@executable_path/Frameworks",
				);
				PRODUCT_BUNDLE_IDENTIFIER = roy.Sname;
				PRODUCT_NAME = "$(TARGET_NAME)";
				SWIFT_VERSION = 5.0;
				TARGETED_DEVICE_FAMILY = "1,2";
			};
			name = Debug;
		};
		E9E3970622C08B3F0037DEF6 /* Release */ = {
			isa = XCBuildConfiguration;
			buildSettings = {
				ASSETCATALOG_COMPILER_APPICON_NAME = AppIcon;
				CODE_SIGN_STYLE = Automatic;
				DEVELOPMENT_TEAM = H79CDTMQ9R;
				INFOPLIST_FILE = Sname/Info.plist;
				LD_RUNPATH_SEARCH_PATHS = (
					"$(inherited)",
					"@executable_path/Frameworks",
				);
				PRODUCT_BUNDLE_IDENTIFIER = roy.Sname;
				PRODUCT_NAME = "$(TARGET_NAME)";
				SWIFT_VERSION = 5.0;
				TARGETED_DEVICE_FAMILY = "1,2";
			};
			name = Release;
		};
		E9E3970822C08B3F0037DEF6 /* Debug */ = {
			isa = XCBuildConfiguration;
			buildSettings = {
				ALWAYS_EMBED_SWIFT_STANDARD_LIBRARIES = YES;
				BUNDLE_LOADER = "$(TEST_HOST)";
				CODE_SIGN_STYLE = Automatic;
				DEVELOPMENT_TEAM = H79CDTMQ9R;
				INFOPLIST_FILE = SnameTests/Info.plist;
				LD_RUNPATH_SEARCH_PATHS = (
					"$(inherited)",
					"@executable_path/Frameworks",
					"@loader_path/Frameworks",
				);
				PRODUCT_BUNDLE_IDENTIFIER = roy.SnameTests;
				PRODUCT_NAME = "$(TARGET_NAME)";
				SWIFT_VERSION = 5.0;
				TARGETED_DEVICE_FAMILY = "1,2";
				TEST_HOST = "$(BUILT_PRODUCTS_DIR)/Sname.app/Sname";
			};
			name = Debug;
		};
		E9E3970922C08B3F0037DEF6 /* Release */ = {
			isa = XCBuildConfiguration;
			buildSettings = {
				ALWAYS_EMBED_SWIFT_STANDARD_LIBRARIES = YES;
				BUNDLE_LOADER = "$(TEST_HOST)";
				CODE_SIGN_STYLE = Automatic;
				DEVELOPMENT_TEAM = H79CDTMQ9R;
				INFOPLIST_FILE = SnameTests/Info.plist;
				LD_RUNPATH_SEARCH_PATHS = (
					"$(inherited)",
					"@executable_path/Frameworks",
					"@loader_path/Frameworks",
				);
				PRODUCT_BUNDLE_IDENTIFIER = roy.SnameTests;
				PRODUCT_NAME = "$(TARGET_NAME)";
				SWIFT_VERSION = 5.0;
				TARGETED_DEVICE_FAMILY = "1,2";
				TEST_HOST = "$(BUILT_PRODUCTS_DIR)/Sname.app/Sname";
			};
			name = Release;
		};
/* End XCBuildConfiguration section */

/* Begin XCConfigurationList section */
		E9E396DC22C08B3C0037DEF6 /* Build configuration list for PBXProject "Sname" */ = {
			isa = XCConfigurationList;
			buildConfigurations = (
				E9E3970222C08B3F0037DEF6 /* Debug */,
				E9E3970322C08B3F0037DEF6 /* Release */,
			);
			defaultConfigurationIsVisible = 0;
			defaultConfigurationName = Release;
		};
		E9E3970422C08B3F0037DEF6 /* Build configuration list for PBXNativeTarget "Sname" */ = {
			isa = XCConfigurationList;
			buildConfigurations = (
				E9E3970522C08B3F0037DEF6 /* Debug */,
				E9E3970622C08B3F0037DEF6 /* Release */,
			);
			defaultConfigurationIsVisible = 0;
			defaultConfigurationName = Release;
		};
		E9E3970722C08B3F0037DEF6 /* Build configuration list for PBXNativeTarget "SnameTests" */ = {
			isa = XCConfigurationList;
			buildConfigurations = (
				E9E3970822C08B3F0037DEF6 /* Debug */,
				E9E3970922C08B3F0037DEF6 /* Release */,
			);
			defaultConfigurationIsVisible = 0;
			defaultConfigurationName = Release;
		};
/* End XCConfigurationList section */
	};
	rootObject = E9E396D922C08B3C0037DEF6 /* Project object */;
}
